
Microsoft Visual Studio Solution File, Format Version 12.00
# Visual Studio Version 16
VisualStudioVersion = 16.0.31005.135
MinimumVisualStudioVersion = 10.0.40219.1
Project("{FAE04EC0-301F-11D3-BF4B-00C04F79EFBC}") = "SwitchDemo", "SwitchDemo\SwitchDemo.csproj", "{F9C77A22-F6C1-4A00-811B-F6F08A5CCDFF}"
EndProject
Project("{FAE04EC0-301F-11D3-BF4B-00C04F79EFBC}") = "RegexDemo", "RegexDemo\RegexDemo.csproj", "{BDB6C2E6-A4E0-4BA3-9C53-640FF7AD55CD}"
EndProject
Project("{FAE04EC0-301F-11D3-BF4B-00C04F79EFBC}") = "TuplesDemo", "TuplesDemo\TuplesDemo.csproj", "{A30EB5FA-786E-4BA2-8AD7-6C490173688F}"
EndProject
Project("{FAE04EC0-301F-11D3-BF4B-00C04F79EFBC}") = "DefaultKeywordDemo", "DefaultKeywordDemo\DefaultKeywordDemo.csproj", "{BCF7E49E-87E1-430B-97B3-8D0E5AA98153}"
EndProject
Project("{FAE04EC0-301F-11D3-BF4B-00C04F79EFBC}") = "MapperDemo", "MapperDemo\MapperDemo.csproj", "{7E99D20C-F748-4BFE-8FFB-FF1D3C857FE4}"
EndProject
Global
	GlobalSection(SolutionConfigurationPlatforms) = preSolution
		Debug|Any CPU = Debug|Any CPU
		Release|Any CPU = Release|Any CPU
	EndGlobalSection
	GlobalSection(ProjectConfigurationPlatforms) = postSolution
		{F9C77A22-F6C1-4A00-811B-F6F08A5CCDFF}.Debug|Any CPU.ActiveCfg = Debug|Any CPU
		{F9C77A22-F6C1-4A00-811B-F6F08A5CCDFF}.Debug|Any CPU.Build.0 = Debug|Any CPU
		{F9C77A22-F6C1-4A00-811B-F6F08A5CCDFF}.Release|Any CPU.ActiveCfg = Release|Any CPU
		{F9C77A22-F6C1-4A00-811B-F6F08A5CCDFF}.Release|Any CPU.Build.0 = Release|Any CPU
		{BDB6C2E6-A4E0-4BA3-9C53-640FF7AD55CD}.Debug|Any CPU.ActiveCfg = Debug|Any CPU
		{BDB6C2E6-A4E0-4BA3-9C53-640FF7AD55CD}.Debug|Any CPU.Build.0 = Debug|Any CPU
		{BDB6C2E6-A4E0-4BA3-9C53-640FF7AD55CD}.Release|Any CPU.ActiveCfg = Release|Any CPU
		{BDB6C2E6-A4E0-4BA3-9C53-640FF7AD55CD}.Release|Any CPU.Build.0 = Release|Any CPU
		{A30EB5FA-786E-4BA2-8AD7-6C490173688F}.Debug|Any CPU.ActiveCfg = Debug|Any CPU
		{A30EB5FA-786E-4BA2-8AD7-6C490173688F}.Debug|Any CPU.Build.0 = Debug|Any CPU
		{A30EB5FA-786E-4BA2-8AD7-6C490173688F}.Release|Any CPU.ActiveCfg = Release|Any CPU
		{A30EB5FA-786E-4BA2-8AD7-6C490173688F}.Release|Any CPU.Build.0 = Release|Any CPU
		{BCF7E49E-87E1-430B-97B3-8D0E5AA98153}.Debug|Any CPU.ActiveCfg = Debug|Any CPU
		{BCF7E49E-87E1-430B-97B3-8D0E5AA98153}.Debug|Any CPU.Build.0 = Debug|Any CPU
		{BCF7E49E-87E1-430B-97B3-8D0E5AA98153}.Release|Any CPU.ActiveCfg = Release|Any CPU
		{BCF7E49E-87E1-430B-97B3-8D0E5AA98153}.Release|Any CPU.Build.0 = Release|Any CPU
		{7E99D20C-F748-4BFE-8FFB-FF1D3C857FE4}.Debug|Any CPU.ActiveCfg = Debug|Any CPU
		{7E99D20C-F748-4BFE-8FFB-FF1D3C857FE4}.Debug|Any CPU.Build.0 = Debug|Any CPU
		{7E99D20C-F748-4BFE-8FFB-FF1D3C857FE4}.Release|Any CPU.ActiveCfg = Release|Any CPU
		{7E99D20C-F748-4BFE-8FFB-FF1D3C857FE4}.Release|Any CPU.Build.0 = Release|Any CPU
	EndGlobalSection
	GlobalSection(SolutionProperties) = preSolution
		HideSolutionNode = FALSE
	EndGlobalSection
	GlobalSection(ExtensibilityGlobals) = postSolution
		SolutionGuid = {57FE77A4-71CC-4A56-833E-D2C080AC7823}
	EndGlobalSection
EndGlobal
