
Microsoft Visual Studio Solution File, Format Version 12.00
# Visual Studio Version 16
VisualStudioVersion = 16.0.31205.134
MinimumVisualStudioVersion = 10.0.40219.1
Project("{9A19103F-16F7-4668-BE54-9A1E7A4F7556}") = "AtmExercise", "AtmExercise\AtmExercise.csproj", "{17541144-ABCD-436E-9E05-9EB25E714B0F}"
EndProject
Project("{FAE04EC0-301F-11D3-BF4B-00C04F79EFBC}") = "AtmExercise.Entities", "AtmExercise.Entities\AtmExercise.Entities.csproj", "{FDC8A062-4B02-4BFB-BF27-F4BD0798FF2E}"
EndProject
Global
	GlobalSection(SolutionConfigurationPlatforms) = preSolution
		Debug|Any CPU = Debug|Any CPU
		Release|Any CPU = Release|Any CPU
	EndGlobalSection
	GlobalSection(ProjectConfigurationPlatforms) = postSolution
		{17541144-ABCD-436E-9E05-9EB25E714B0F}.Debug|Any CPU.ActiveCfg = Debug|Any CPU
		{17541144-ABCD-436E-9E05-9EB25E714B0F}.Debug|Any CPU.Build.0 = Debug|Any CPU
		{17541144-ABCD-436E-9E05-9EB25E714B0F}.Release|Any CPU.ActiveCfg = Release|Any CPU
		{17541144-ABCD-436E-9E05-9EB25E714B0F}.Release|Any CPU.Build.0 = Release|Any CPU
		{FDC8A062-4B02-4BFB-BF27-F4BD0798FF2E}.Debug|Any CPU.ActiveCfg = Debug|Any CPU
		{FDC8A062-4B02-4BFB-BF27-F4BD0798FF2E}.Debug|Any CPU.Build.0 = Debug|Any CPU
		{FDC8A062-4B02-4BFB-BF27-F4BD0798FF2E}.Release|Any CPU.ActiveCfg = Release|Any CPU
		{FDC8A062-4B02-4BFB-BF27-F4BD0798FF2E}.Release|Any CPU.Build.0 = Release|Any CPU
	EndGlobalSection
	GlobalSection(SolutionProperties) = preSolution
		HideSolutionNode = FALSE
	EndGlobalSection
	GlobalSection(ExtensibilityGlobals) = postSolution
		SolutionGuid = {5E238C68-000D-4DC8-B211-DCFDF2695040}
	EndGlobalSection
EndGlobal
