
Microsoft Visual Studio Solution File, Format Version 12.00
# Visual Studio Version 16
VisualStudioVersion = 16.0.30804.86
MinimumVisualStudioVersion = 10.0.40219.1
Project("{FAE04EC0-301F-11D3-BF4B-00C04F79EFBC}") = "SEDC.CSharpAdv.Class01.ConsoleApp", "SEDC.CSharpAdv.Class01.ConsoleApp\SEDC.CSharpAdv.Class01.ConsoleApp.csproj", "{969E154F-0BA3-45B0-862F-467E50F847E2}"
EndProject
Project("{FAE04EC0-301F-11D3-BF4B-00C04F79EFBC}") = "SEDC.CSharpAdv.Class01.ConsoleApp2", "SEDC.CSharpAdv.Class01.ConsoleApp2\SEDC.CSharpAdv.Class01.ConsoleApp2.csproj", "{9B8C6B60-4A02-45EF-94F7-E81F1F54D394}"
EndProject
Project("{FAE04EC0-301F-11D3-BF4B-00C04F79EFBC}") = "SEDC.CSharpAdv.Class01.ConsoleApp3", "SEDC.CSharpAdv.Class01.ConsoleApp3\SEDC.CSharpAdv.Class01.ConsoleApp3.csproj", "{4E109A19-969B-40C5-993D-8C8A0A09F661}"
EndProject
Global
	GlobalSection(SolutionConfigurationPlatforms) = preSolution
		Debug|Any CPU = Debug|Any CPU
		Release|Any CPU = Release|Any CPU
	EndGlobalSection
	GlobalSection(ProjectConfigurationPlatforms) = postSolution
		{969E154F-0BA3-45B0-862F-467E50F847E2}.Debug|Any CPU.ActiveCfg = Debug|Any CPU
		{969E154F-0BA3-45B0-862F-467E50F847E2}.Debug|Any CPU.Build.0 = Debug|Any CPU
		{969E154F-0BA3-45B0-862F-467E50F847E2}.Release|Any CPU.ActiveCfg = Release|Any CPU
		{969E154F-0BA3-45B0-862F-467E50F847E2}.Release|Any CPU.Build.0 = Release|Any CPU
		{9B8C6B60-4A02-45EF-94F7-E81F1F54D394}.Debug|Any CPU.ActiveCfg = Debug|Any CPU
		{9B8C6B60-4A02-45EF-94F7-E81F1F54D394}.Debug|Any CPU.Build.0 = Debug|Any CPU
		{9B8C6B60-4A02-45EF-94F7-E81F1F54D394}.Release|Any CPU.ActiveCfg = Release|Any CPU
		{9B8C6B60-4A02-45EF-94F7-E81F1F54D394}.Release|Any CPU.Build.0 = Release|Any CPU
		{4E109A19-969B-40C5-993D-8C8A0A09F661}.Debug|Any CPU.ActiveCfg = Debug|Any CPU
		{4E109A19-969B-40C5-993D-8C8A0A09F661}.Debug|Any CPU.Build.0 = Debug|Any CPU
		{4E109A19-969B-40C5-993D-8C8A0A09F661}.Release|Any CPU.ActiveCfg = Release|Any CPU
		{4E109A19-969B-40C5-993D-8C8A0A09F661}.Release|Any CPU.Build.0 = Release|Any CPU
	EndGlobalSection
	GlobalSection(SolutionProperties) = preSolution
		HideSolutionNode = FALSE
	EndGlobalSection
	GlobalSection(ExtensibilityGlobals) = postSolution
		SolutionGuid = {44218175-1B4F-4FFB-A5F4-5E14DC6C3E0A}
	EndGlobalSection
EndGlobal
