
Microsoft Visual Studio Solution File, Format Version 12.00
# Visual Studio Version 16
VisualStudioVersion = 16.0.31112.23
MinimumVisualStudioVersion = 10.0.40219.1
Project("{FAE04EC0-301F-11D3-BF4B-00C04F79EFBC}") = "SerializeDeserialize", "SerializeDeserialize\SerializeDeserialize.csproj", "{A7C12A78-FDDD-4E9F-96B2-31CFD95DDBCF}"
EndProject
Project("{FAE04EC0-301F-11D3-BF4B-00C04F79EFBC}") = "FileSystemDatabase", "FileSystemDatabase\FileSystemDatabase.csproj", "{06C9F3D1-C079-4657-8319-7788299B4186}"
EndProject
Global
	GlobalSection(SolutionConfigurationPlatforms) = preSolution
		Debug|Any CPU = Debug|Any CPU
		Release|Any CPU = Release|Any CPU
	EndGlobalSection
	GlobalSection(ProjectConfigurationPlatforms) = postSolution
		{A7C12A78-FDDD-4E9F-96B2-31CFD95DDBCF}.Debug|Any CPU.ActiveCfg = Debug|Any CPU
		{A7C12A78-FDDD-4E9F-96B2-31CFD95DDBCF}.Debug|Any CPU.Build.0 = Debug|Any CPU
		{A7C12A78-FDDD-4E9F-96B2-31CFD95DDBCF}.Release|Any CPU.ActiveCfg = Release|Any CPU
		{A7C12A78-FDDD-4E9F-96B2-31CFD95DDBCF}.Release|Any CPU.Build.0 = Release|Any CPU
		{06C9F3D1-C079-4657-8319-7788299B4186}.Debug|Any CPU.ActiveCfg = Debug|Any CPU
		{06C9F3D1-C079-4657-8319-7788299B4186}.Debug|Any CPU.Build.0 = Debug|Any CPU
		{06C9F3D1-C079-4657-8319-7788299B4186}.Release|Any CPU.ActiveCfg = Release|Any CPU
		{06C9F3D1-C079-4657-8319-7788299B4186}.Release|Any CPU.Build.0 = Release|Any CPU
	EndGlobalSection
	GlobalSection(SolutionProperties) = preSolution
		HideSolutionNode = FALSE
	EndGlobalSection
	GlobalSection(ExtensibilityGlobals) = postSolution
		SolutionGuid = {D61439A8-97F0-4E1A-8B4D-B82CC8BA56EB}
	EndGlobalSection
EndGlobal
