
Microsoft Visual Studio Solution File, Format Version 12.00
# Visual Studio Version 16
VisualStudioVersion = 16.0.31005.135
MinimumVisualStudioVersion = 10.0.40219.1
Project("{FAE04EC0-301F-11D3-BF4B-00C04F79EFBC}") = "RestaurantApp", "RestaurantApp\RestaurantApp.csproj", "{495AB7E7-1556-46D5-8E32-28D6143068DD}"
EndProject
Global
	GlobalSection(SolutionConfigurationPlatforms) = preSolution
		Debug|Any CPU = Debug|Any CPU
		Release|Any CPU = Release|Any CPU
	EndGlobalSection
	GlobalSection(ProjectConfigurationPlatforms) = postSolution
		{495AB7E7-1556-46D5-8E32-28D6143068DD}.Debug|Any CPU.ActiveCfg = Debug|Any CPU
		{495AB7E7-1556-46D5-8E32-28D6143068DD}.Debug|Any CPU.Build.0 = Debug|Any CPU
		{495AB7E7-1556-46D5-8E32-28D6143068DD}.Release|Any CPU.ActiveCfg = Release|Any CPU
		{495AB7E7-1556-46D5-8E32-28D6143068DD}.Release|Any CPU.Build.0 = Release|Any CPU
	EndGlobalSection
	GlobalSection(SolutionProperties) = preSolution
		HideSolutionNode = FALSE
	EndGlobalSection
	GlobalSection(ExtensibilityGlobals) = postSolution
		SolutionGuid = {0A51C13C-68BC-48B2-84EF-D7D6D4D19E71}
	EndGlobalSection
EndGlobal
