
Microsoft Visual Studio Solution File, Format Version 12.00
# Visual Studio Version 16
VisualStudioVersion = 16.0.30413.136
MinimumVisualStudioVersion = 10.0.40219.1
Project("{FAE04EC0-301F-11D3-BF4B-00C04F79EFBC}") = "QuizApp", "QuizApp\QuizApp.csproj", "{F1D98908-AF44-4FEC-9C3A-4B1D5109097B}"
EndProject
Project("{FAE04EC0-301F-11D3-BF4B-00C04F79EFBC}") = "Models", "Models\Models.csproj", "{C90416A8-7D54-4053-A906-BB3F72C150A8}"
EndProject
Project("{FAE04EC0-301F-11D3-BF4B-00C04F79EFBC}") = "QuizApp.Services", "QuizApp.Services\QuizApp.Services.csproj", "{F1724535-07C5-41BD-A57C-D5864B3FC61B}"
EndProject
Global
	GlobalSection(SolutionConfigurationPlatforms) = preSolution
		Debug|Any CPU = Debug|Any CPU
		Release|Any CPU = Release|Any CPU
	EndGlobalSection
	GlobalSection(ProjectConfigurationPlatforms) = postSolution
		{F1D98908-AF44-4FEC-9C3A-4B1D5109097B}.Debug|Any CPU.ActiveCfg = Debug|Any CPU
		{F1D98908-AF44-4FEC-9C3A-4B1D5109097B}.Debug|Any CPU.Build.0 = Debug|Any CPU
		{F1D98908-AF44-4FEC-9C3A-4B1D5109097B}.Release|Any CPU.ActiveCfg = Release|Any CPU
		{F1D98908-AF44-4FEC-9C3A-4B1D5109097B}.Release|Any CPU.Build.0 = Release|Any CPU
		{C90416A8-7D54-4053-A906-BB3F72C150A8}.Debug|Any CPU.ActiveCfg = Debug|Any CPU
		{C90416A8-7D54-4053-A906-BB3F72C150A8}.Debug|Any CPU.Build.0 = Debug|Any CPU
		{C90416A8-7D54-4053-A906-BB3F72C150A8}.Release|Any CPU.ActiveCfg = Release|Any CPU
		{C90416A8-7D54-4053-A906-BB3F72C150A8}.Release|Any CPU.Build.0 = Release|Any CPU
		{F1724535-07C5-41BD-A57C-D5864B3FC61B}.Debug|Any CPU.ActiveCfg = Debug|Any CPU
		{F1724535-07C5-41BD-A57C-D5864B3FC61B}.Debug|Any CPU.Build.0 = Debug|Any CPU
		{F1724535-07C5-41BD-A57C-D5864B3FC61B}.Release|Any CPU.ActiveCfg = Release|Any CPU
		{F1724535-07C5-41BD-A57C-D5864B3FC61B}.Release|Any CPU.Build.0 = Release|Any CPU
	EndGlobalSection
	GlobalSection(SolutionProperties) = preSolution
		HideSolutionNode = FALSE
	EndGlobalSection
	GlobalSection(ExtensibilityGlobals) = postSolution
		SolutionGuid = {FA22B596-6242-43A5-9304-2695DC303F4E}
	EndGlobalSection
EndGlobal
