
Microsoft Visual Studio Solution File, Format Version 12.00
# Visual Studio Version 16
VisualStudioVersion = 16.0.31112.23
MinimumVisualStudioVersion = 10.0.40219.1
Project("{FAE04EC0-301F-11D3-BF4B-00C04F79EFBC}") = "SEDC.TryBeingFit.App", "SEDC.TryBeingFit.App\SEDC.TryBeingFit.App.csproj", "{C881D96E-2688-4095-85AA-A807E82CD0B4}"
EndProject
Project("{FAE04EC0-301F-11D3-BF4B-00C04F79EFBC}") = "SEDC.TryBeingFit.Domain", "SEDC.TryBeingFit.Domain\SEDC.TryBeingFit.Domain.csproj", "{E88C7B19-1E24-49CF-A535-C5EA739EF399}"
EndProject
Project("{FAE04EC0-301F-11D3-BF4B-00C04F79EFBC}") = "SEDC.TryBeingFit.Services", "SEDC.TryBeingFit.Services\SEDC.TryBeingFit.Services.csproj", "{D2D6E248-F920-4663-A12D-ABFC4731F66A}"
EndProject
Global
	GlobalSection(SolutionConfigurationPlatforms) = preSolution
		Debug|Any CPU = Debug|Any CPU
		Release|Any CPU = Release|Any CPU
	EndGlobalSection
	GlobalSection(ProjectConfigurationPlatforms) = postSolution
		{C881D96E-2688-4095-85AA-A807E82CD0B4}.Debug|Any CPU.ActiveCfg = Debug|Any CPU
		{C881D96E-2688-4095-85AA-A807E82CD0B4}.Debug|Any CPU.Build.0 = Debug|Any CPU
		{C881D96E-2688-4095-85AA-A807E82CD0B4}.Release|Any CPU.ActiveCfg = Release|Any CPU
		{C881D96E-2688-4095-85AA-A807E82CD0B4}.Release|Any CPU.Build.0 = Release|Any CPU
		{E88C7B19-1E24-49CF-A535-C5EA739EF399}.Debug|Any CPU.ActiveCfg = Debug|Any CPU
		{E88C7B19-1E24-49CF-A535-C5EA739EF399}.Debug|Any CPU.Build.0 = Debug|Any CPU
		{E88C7B19-1E24-49CF-A535-C5EA739EF399}.Release|Any CPU.ActiveCfg = Release|Any CPU
		{E88C7B19-1E24-49CF-A535-C5EA739EF399}.Release|Any CPU.Build.0 = Release|Any CPU
		{D2D6E248-F920-4663-A12D-ABFC4731F66A}.Debug|Any CPU.ActiveCfg = Debug|Any CPU
		{D2D6E248-F920-4663-A12D-ABFC4731F66A}.Debug|Any CPU.Build.0 = Debug|Any CPU
		{D2D6E248-F920-4663-A12D-ABFC4731F66A}.Release|Any CPU.ActiveCfg = Release|Any CPU
		{D2D6E248-F920-4663-A12D-ABFC4731F66A}.Release|Any CPU.Build.0 = Release|Any CPU
	EndGlobalSection
	GlobalSection(SolutionProperties) = preSolution
		HideSolutionNode = FALSE
	EndGlobalSection
	GlobalSection(ExtensibilityGlobals) = postSolution
		SolutionGuid = {042C8A77-3355-4D87-B99E-2D78500E9D39}
	EndGlobalSection
EndGlobal
