
Microsoft Visual Studio Solution File, Format Version 12.00
# Visual Studio Version 16
VisualStudioVersion = 16.0.31005.135
MinimumVisualStudioVersion = 10.0.40219.1
Project("{9A19103F-16F7-4668-BE54-9A1E7A4F7556}") = "AnonymousFunctionsDemo", "AnonymousFunctionsDemo\AnonymousFunctionsDemo.csproj", "{42837F4D-3489-48EF-BA4C-96BBBA04AD8C}"
EndProject
Project("{FAE04EC0-301F-11D3-BF4B-00C04F79EFBC}") = "Domain", "Domain\Domain.csproj", "{C0F6A01E-E34A-4726-AE03-62B8B4588274}"
EndProject
Project("{FAE04EC0-301F-11D3-BF4B-00C04F79EFBC}") = "Exercise", "Exercise\Exercise.csproj", "{F9A9FA5E-A81E-42B8-9F5A-F2B5DB8F0F17}"
EndProject
Project("{FAE04EC0-301F-11D3-BF4B-00C04F79EFBC}") = "Linq_Advance", "Linq_Advance\Linq_Advance.csproj", "{D0192FD0-1D87-4914-B7CD-075A0317465E}"
EndProject
Global
	GlobalSection(SolutionConfigurationPlatforms) = preSolution
		Debug|Any CPU = Debug|Any CPU
		Release|Any CPU = Release|Any CPU
	EndGlobalSection
	GlobalSection(ProjectConfigurationPlatforms) = postSolution
		{42837F4D-3489-48EF-BA4C-96BBBA04AD8C}.Debug|Any CPU.ActiveCfg = Debug|Any CPU
		{42837F4D-3489-48EF-BA4C-96BBBA04AD8C}.Debug|Any CPU.Build.0 = Debug|Any CPU
		{42837F4D-3489-48EF-BA4C-96BBBA04AD8C}.Release|Any CPU.ActiveCfg = Release|Any CPU
		{42837F4D-3489-48EF-BA4C-96BBBA04AD8C}.Release|Any CPU.Build.0 = Release|Any CPU
		{C0F6A01E-E34A-4726-AE03-62B8B4588274}.Debug|Any CPU.ActiveCfg = Debug|Any CPU
		{C0F6A01E-E34A-4726-AE03-62B8B4588274}.Debug|Any CPU.Build.0 = Debug|Any CPU
		{C0F6A01E-E34A-4726-AE03-62B8B4588274}.Release|Any CPU.ActiveCfg = Release|Any CPU
		{C0F6A01E-E34A-4726-AE03-62B8B4588274}.Release|Any CPU.Build.0 = Release|Any CPU
		{F9A9FA5E-A81E-42B8-9F5A-F2B5DB8F0F17}.Debug|Any CPU.ActiveCfg = Debug|Any CPU
		{F9A9FA5E-A81E-42B8-9F5A-F2B5DB8F0F17}.Debug|Any CPU.Build.0 = Debug|Any CPU
		{F9A9FA5E-A81E-42B8-9F5A-F2B5DB8F0F17}.Release|Any CPU.ActiveCfg = Release|Any CPU
		{F9A9FA5E-A81E-42B8-9F5A-F2B5DB8F0F17}.Release|Any CPU.Build.0 = Release|Any CPU
		{D0192FD0-1D87-4914-B7CD-075A0317465E}.Debug|Any CPU.ActiveCfg = Debug|Any CPU
		{D0192FD0-1D87-4914-B7CD-075A0317465E}.Debug|Any CPU.Build.0 = Debug|Any CPU
		{D0192FD0-1D87-4914-B7CD-075A0317465E}.Release|Any CPU.ActiveCfg = Release|Any CPU
		{D0192FD0-1D87-4914-B7CD-075A0317465E}.Release|Any CPU.Build.0 = Release|Any CPU
	EndGlobalSection
	GlobalSection(SolutionProperties) = preSolution
		HideSolutionNode = FALSE
	EndGlobalSection
	GlobalSection(ExtensibilityGlobals) = postSolution
		SolutionGuid = {6B1F775B-F985-4166-812E-794B23F5B985}
	EndGlobalSection
EndGlobal
