
Microsoft Visual Studio Solution File, Format Version 12.00
# Visual Studio Version 16
VisualStudioVersion = 16.0.31205.134
MinimumVisualStudioVersion = 10.0.40219.1
Project("{FAE04EC0-301F-11D3-BF4B-00C04F79EFBC}") = "Logger", "Logger\Logger.csproj", "{79AD7F20-A48C-4AA2-A88A-B5875C5EE66B}"
EndProject
Global
	GlobalSection(SolutionConfigurationPlatforms) = preSolution
		Debug|Any CPU = Debug|Any CPU
		Release|Any CPU = Release|Any CPU
	EndGlobalSection
	GlobalSection(ProjectConfigurationPlatforms) = postSolution
		{79AD7F20-A48C-4AA2-A88A-B5875C5EE66B}.Debug|Any CPU.ActiveCfg = Debug|Any CPU
		{79AD7F20-A48C-4AA2-A88A-B5875C5EE66B}.Debug|Any CPU.Build.0 = Debug|Any CPU
		{79AD7F20-A48C-4AA2-A88A-B5875C5EE66B}.Release|Any CPU.ActiveCfg = Release|Any CPU
		{79AD7F20-A48C-4AA2-A88A-B5875C5EE66B}.Release|Any CPU.Build.0 = Release|Any CPU
	EndGlobalSection
	GlobalSection(SolutionProperties) = preSolution
		HideSolutionNode = FALSE
	EndGlobalSection
	GlobalSection(ExtensibilityGlobals) = postSolution
		SolutionGuid = {8BD8A75D-3264-417D-B4F6-E149455FC2B6}
	EndGlobalSection
EndGlobal
