
Microsoft Visual Studio Solution File, Format Version 12.00
# Visual Studio Version 16
VisualStudioVersion = 16.0.30011.22
MinimumVisualStudioVersion = 10.0.40219.1
Project("{FAE04EC0-301F-11D3-BF4B-00C04F79EFBC}") = "BoxingMatch", "BoxingMatch\BoxingMatch.csproj", "{09EDE566-99EA-4E30-9074-2FD081F4728F}"
EndProject
Project("{FAE04EC0-301F-11D3-BF4B-00C04F79EFBC}") = "BoxingLibrary", "BoxingLibrary\BoxingLibrary.csproj", "{672FFA94-B32C-413A-B973-99D19D70252C}"
EndProject
Global
	GlobalSection(SolutionConfigurationPlatforms) = preSolution
		Debug|Any CPU = Debug|Any CPU
		Release|Any CPU = Release|Any CPU
	EndGlobalSection
	GlobalSection(ProjectConfigurationPlatforms) = postSolution
		{09EDE566-99EA-4E30-9074-2FD081F4728F}.Debug|Any CPU.ActiveCfg = Debug|Any CPU
		{09EDE566-99EA-4E30-9074-2FD081F4728F}.Debug|Any CPU.Build.0 = Debug|Any CPU
		{09EDE566-99EA-4E30-9074-2FD081F4728F}.Release|Any CPU.ActiveCfg = Release|Any CPU
		{09EDE566-99EA-4E30-9074-2FD081F4728F}.Release|Any CPU.Build.0 = Release|Any CPU
		{672FFA94-B32C-413A-B973-99D19D70252C}.Debug|Any CPU.ActiveCfg = Debug|Any CPU
		{672FFA94-B32C-413A-B973-99D19D70252C}.Debug|Any CPU.Build.0 = Debug|Any CPU
		{672FFA94-B32C-413A-B973-99D19D70252C}.Release|Any CPU.ActiveCfg = Release|Any CPU
		{672FFA94-B32C-413A-B973-99D19D70252C}.Release|Any CPU.Build.0 = Release|Any CPU
	EndGlobalSection
	GlobalSection(SolutionProperties) = preSolution
		HideSolutionNode = FALSE
	EndGlobalSection
	GlobalSection(ExtensibilityGlobals) = postSolution
		SolutionGuid = {B9C559CC-85EA-45EA-B3BA-66C2AD7155D8}
	EndGlobalSection
EndGlobal
