
Microsoft Visual Studio Solution File, Format Version 12.00
# Visual Studio 15
VisualStudioVersion = 15.0.28307.421
MinimumVisualStudioVersion = 10.0.40219.1
Project("{FAE04EC0-301F-11D3-BF4B-00C04F79EFBC}") = "Classes", "Classes\Classes.csproj", "{DEFE70CC-DB4B-4BD0-A2A5-86B5904D9A3B}"
EndProject
Project("{FAE04EC0-301F-11D3-BF4B-00C04F79EFBC}") = "AcademyApp", "AcademyApp\AcademyApp.csproj", "{4DA00A9D-DF7C-497A-BB92-8EB9D89894CD}"
EndProject
Global
	GlobalSection(SolutionConfigurationPlatforms) = preSolution
		Debug|Any CPU = Debug|Any CPU
		Release|Any CPU = Release|Any CPU
	EndGlobalSection
	GlobalSection(ProjectConfigurationPlatforms) = postSolution
		{DEFE70CC-DB4B-4BD0-A2A5-86B5904D9A3B}.Debug|Any CPU.ActiveCfg = Debug|Any CPU
		{DEFE70CC-DB4B-4BD0-A2A5-86B5904D9A3B}.Debug|Any CPU.Build.0 = Debug|Any CPU
		{DEFE70CC-DB4B-4BD0-A2A5-86B5904D9A3B}.Release|Any CPU.ActiveCfg = Release|Any CPU
		{DEFE70CC-DB4B-4BD0-A2A5-86B5904D9A3B}.Release|Any CPU.Build.0 = Release|Any CPU
		{4DA00A9D-DF7C-497A-BB92-8EB9D89894CD}.Debug|Any CPU.ActiveCfg = Debug|Any CPU
		{4DA00A9D-DF7C-497A-BB92-8EB9D89894CD}.Debug|Any CPU.Build.0 = Debug|Any CPU
		{4DA00A9D-DF7C-497A-BB92-8EB9D89894CD}.Release|Any CPU.ActiveCfg = Release|Any CPU
		{4DA00A9D-DF7C-497A-BB92-8EB9D89894CD}.Release|Any CPU.Build.0 = Release|Any CPU
	EndGlobalSection
	GlobalSection(SolutionProperties) = preSolution
		HideSolutionNode = FALSE
	EndGlobalSection
	GlobalSection(ExtensibilityGlobals) = postSolution
		SolutionGuid = {61D0AE09-BF2E-40B3-8575-7D6CBBC71CBA}
	EndGlobalSection
EndGlobal
