
Microsoft Visual Studio Solution File, Format Version 12.00
# Visual Studio Version 16
VisualStudioVersion = 16.0.29806.167
MinimumVisualStudioVersion = 10.0.40219.1
Project("{FAE04EC0-301F-11D3-BF4B-00C04F79EFBC}") = "SEDC.TryBeingFit.App", "SEDC.TryBeingFit.App\SEDC.TryBeingFit.App.csproj", "{CCF60792-16D3-438B-9AA9-45ABAA2D0E90}"
EndProject
Project("{FAE04EC0-301F-11D3-BF4B-00C04F79EFBC}") = "SEDC.TryBeingFit.Domain", "SEDC.TryBeingFit.Domain\SEDC.TryBeingFit.Domain.csproj", "{55FA5C03-F15F-48F6-A091-F0CBAD883DF3}"
EndProject
Project("{FAE04EC0-301F-11D3-BF4B-00C04F79EFBC}") = "SEDC.TryBeingFit.Services", "SEDC.TryBeingFit.Services\SEDC.TryBeingFit.Services.csproj", "{83C47BB7-2EF2-45E2-A272-A2F51776FACF}"
EndProject
Global
	GlobalSection(SolutionConfigurationPlatforms) = preSolution
		Debug|Any CPU = Debug|Any CPU
		Release|Any CPU = Release|Any CPU
	EndGlobalSection
	GlobalSection(ProjectConfigurationPlatforms) = postSolution
		{CCF60792-16D3-438B-9AA9-45ABAA2D0E90}.Debug|Any CPU.ActiveCfg = Debug|Any CPU
		{CCF60792-16D3-438B-9AA9-45ABAA2D0E90}.Debug|Any CPU.Build.0 = Debug|Any CPU
		{CCF60792-16D3-438B-9AA9-45ABAA2D0E90}.Release|Any CPU.ActiveCfg = Release|Any CPU
		{CCF60792-16D3-438B-9AA9-45ABAA2D0E90}.Release|Any CPU.Build.0 = Release|Any CPU
		{55FA5C03-F15F-48F6-A091-F0CBAD883DF3}.Debug|Any CPU.ActiveCfg = Debug|Any CPU
		{55FA5C03-F15F-48F6-A091-F0CBAD883DF3}.Debug|Any CPU.Build.0 = Debug|Any CPU
		{55FA5C03-F15F-48F6-A091-F0CBAD883DF3}.Release|Any CPU.ActiveCfg = Release|Any CPU
		{55FA5C03-F15F-48F6-A091-F0CBAD883DF3}.Release|Any CPU.Build.0 = Release|Any CPU
		{83C47BB7-2EF2-45E2-A272-A2F51776FACF}.Debug|Any CPU.ActiveCfg = Debug|Any CPU
		{83C47BB7-2EF2-45E2-A272-A2F51776FACF}.Debug|Any CPU.Build.0 = Debug|Any CPU
		{83C47BB7-2EF2-45E2-A272-A2F51776FACF}.Release|Any CPU.ActiveCfg = Release|Any CPU
		{83C47BB7-2EF2-45E2-A272-A2F51776FACF}.Release|Any CPU.Build.0 = Release|Any CPU
	EndGlobalSection
	GlobalSection(SolutionProperties) = preSolution
		HideSolutionNode = FALSE
	EndGlobalSection
	GlobalSection(ExtensibilityGlobals) = postSolution
		SolutionGuid = {2F75A315-3DC4-45B1-BD30-74ABC0A5BDE1}
	EndGlobalSection
EndGlobal
