
Microsoft Visual Studio Solution File, Format Version 12.00
# Visual Studio Version 16
VisualStudioVersion = 16.0.31205.134
MinimumVisualStudioVersion = 10.0.40219.1
Project("{FAE04EC0-301F-11D3-BF4B-00C04F79EFBC}") = "Disposing", "Disposing\Disposing.csproj", "{C651F0ED-C850-4B40-8BCB-DC4F34AF428A}"
EndProject
Global
	GlobalSection(SolutionConfigurationPlatforms) = preSolution
		Debug|Any CPU = Debug|Any CPU
		Release|Any CPU = Release|Any CPU
	EndGlobalSection
	GlobalSection(ProjectConfigurationPlatforms) = postSolution
		{C651F0ED-C850-4B40-8BCB-DC4F34AF428A}.Debug|Any CPU.ActiveCfg = Debug|Any CPU
		{C651F0ED-C850-4B40-8BCB-DC4F34AF428A}.Debug|Any CPU.Build.0 = Debug|Any CPU
		{C651F0ED-C850-4B40-8BCB-DC4F34AF428A}.Release|Any CPU.ActiveCfg = Release|Any CPU
		{C651F0ED-C850-4B40-8BCB-DC4F34AF428A}.Release|Any CPU.Build.0 = Release|Any CPU
	EndGlobalSection
	GlobalSection(SolutionProperties) = preSolution
		HideSolutionNode = FALSE
	EndGlobalSection
	GlobalSection(ExtensibilityGlobals) = postSolution
		SolutionGuid = {9A60C272-D515-4357-A1AE-BB0D753B05B9}
	EndGlobalSection
EndGlobal
