
Microsoft Visual Studio Solution File, Format Version 12.00
# Visual Studio Version 16
VisualStudioVersion = 16.0.29728.190
MinimumVisualStudioVersion = 10.0.40219.1
Project("{FAE04EC0-301F-11D3-BF4B-00C04F79EFBC}") = "SEDC.Adv.Class02.Logic", "SEDC.Adv.Class02.Logic\SEDC.Adv.Class02.Logic.csproj", "{60FE919B-47C0-41BB-A1D6-6A9248194B0F}"
EndProject
Project("{FAE04EC0-301F-11D3-BF4B-00C04F79EFBC}") = "SEDC.Adv.Class02.Database", "SEDC.Adv.Class02.Database\SEDC.Adv.Class02.Database.csproj", "{231DD9F5-A43C-4CA9-BE14-06C54E271CCF}"
EndProject
Project("{FAE04EC0-301F-11D3-BF4B-00C04F79EFBC}") = "SEDC.Adv.Class02.App", "SEDC.Adv.Class02.App\SEDC.Adv.Class02.App.csproj", "{3A4B5A7F-16BB-4145-B16E-7C31EC6C57F5}"
EndProject
Global
	GlobalSection(SolutionConfigurationPlatforms) = preSolution
		Debug|Any CPU = Debug|Any CPU
		Release|Any CPU = Release|Any CPU
	EndGlobalSection
	GlobalSection(ProjectConfigurationPlatforms) = postSolution
		{60FE919B-47C0-41BB-A1D6-6A9248194B0F}.Debug|Any CPU.ActiveCfg = Debug|Any CPU
		{60FE919B-47C0-41BB-A1D6-6A9248194B0F}.Debug|Any CPU.Build.0 = Debug|Any CPU
		{60FE919B-47C0-41BB-A1D6-6A9248194B0F}.Release|Any CPU.ActiveCfg = Release|Any CPU
		{60FE919B-47C0-41BB-A1D6-6A9248194B0F}.Release|Any CPU.Build.0 = Release|Any CPU
		{231DD9F5-A43C-4CA9-BE14-06C54E271CCF}.Debug|Any CPU.ActiveCfg = Debug|Any CPU
		{231DD9F5-A43C-4CA9-BE14-06C54E271CCF}.Debug|Any CPU.Build.0 = Debug|Any CPU
		{231DD9F5-A43C-4CA9-BE14-06C54E271CCF}.Release|Any CPU.ActiveCfg = Release|Any CPU
		{231DD9F5-A43C-4CA9-BE14-06C54E271CCF}.Release|Any CPU.Build.0 = Release|Any CPU
		{3A4B5A7F-16BB-4145-B16E-7C31EC6C57F5}.Debug|Any CPU.ActiveCfg = Debug|Any CPU
		{3A4B5A7F-16BB-4145-B16E-7C31EC6C57F5}.Debug|Any CPU.Build.0 = Debug|Any CPU
		{3A4B5A7F-16BB-4145-B16E-7C31EC6C57F5}.Release|Any CPU.ActiveCfg = Release|Any CPU
		{3A4B5A7F-16BB-4145-B16E-7C31EC6C57F5}.Release|Any CPU.Build.0 = Release|Any CPU
	EndGlobalSection
	GlobalSection(SolutionProperties) = preSolution
		HideSolutionNode = FALSE
	EndGlobalSection
	GlobalSection(ExtensibilityGlobals) = postSolution
		SolutionGuid = {3887DD50-04B2-4B7C-B476-2BB4DC1569A3}
	EndGlobalSection
EndGlobal
