
Microsoft Visual Studio Solution File, Format Version 12.00
# Visual Studio Version 16
VisualStudioVersion = 16.0.31313.79
MinimumVisualStudioVersion = 10.0.40219.1
Project("{FAE04EC0-301F-11D3-BF4B-00C04F79EFBC}") = "Serialization", "Serialization\Serialization.csproj", "{F69CBA38-7E66-483A-BE36-1A3953FCC00D}"
EndProject
Global
	GlobalSection(SolutionConfigurationPlatforms) = preSolution
		Debug|Any CPU = Debug|Any CPU
		Release|Any CPU = Release|Any CPU
	EndGlobalSection
	GlobalSection(ProjectConfigurationPlatforms) = postSolution
		{F69CBA38-7E66-483A-BE36-1A3953FCC00D}.Debug|Any CPU.ActiveCfg = Debug|Any CPU
		{F69CBA38-7E66-483A-BE36-1A3953FCC00D}.Debug|Any CPU.Build.0 = Debug|Any CPU
		{F69CBA38-7E66-483A-BE36-1A3953FCC00D}.Release|Any CPU.ActiveCfg = Release|Any CPU
		{F69CBA38-7E66-483A-BE36-1A3953FCC00D}.Release|Any CPU.Build.0 = Release|Any CPU
	EndGlobalSection
	GlobalSection(SolutionProperties) = preSolution
		HideSolutionNode = FALSE
	EndGlobalSection
	GlobalSection(ExtensibilityGlobals) = postSolution
		SolutionGuid = {BC8B6BC5-2152-4237-8329-9E3663BE3692}
	EndGlobalSection
EndGlobal
