
Microsoft Visual Studio Solution File, Format Version 12.00
# Visual Studio Version 16
VisualStudioVersion = 16.0.31205.134
MinimumVisualStudioVersion = 10.0.40219.1
Project("{FAE04EC0-301F-11D3-BF4B-00C04F79EFBC}") = "AbstractClasses", "AbstractClasses\AbstractClasses.csproj", "{396CEDBC-19DC-4F98-81A2-3CB6A7A2E160}"
EndProject
Project("{FAE04EC0-301F-11D3-BF4B-00C04F79EFBC}") = "Interfaces", "Interfaces\Interfaces.csproj", "{32C1611C-E37E-4CA7-83DE-BA86C7DF5F01}"
EndProject
Global
	GlobalSection(SolutionConfigurationPlatforms) = preSolution
		Debug|Any CPU = Debug|Any CPU
		Release|Any CPU = Release|Any CPU
	EndGlobalSection
	GlobalSection(ProjectConfigurationPlatforms) = postSolution
		{396CEDBC-19DC-4F98-81A2-3CB6A7A2E160}.Debug|Any CPU.ActiveCfg = Debug|Any CPU
		{396CEDBC-19DC-4F98-81A2-3CB6A7A2E160}.Debug|Any CPU.Build.0 = Debug|Any CPU
		{396CEDBC-19DC-4F98-81A2-3CB6A7A2E160}.Release|Any CPU.ActiveCfg = Release|Any CPU
		{396CEDBC-19DC-4F98-81A2-3CB6A7A2E160}.Release|Any CPU.Build.0 = Release|Any CPU
		{32C1611C-E37E-4CA7-83DE-BA86C7DF5F01}.Debug|Any CPU.ActiveCfg = Debug|Any CPU
		{32C1611C-E37E-4CA7-83DE-BA86C7DF5F01}.Debug|Any CPU.Build.0 = Debug|Any CPU
		{32C1611C-E37E-4CA7-83DE-BA86C7DF5F01}.Release|Any CPU.ActiveCfg = Release|Any CPU
		{32C1611C-E37E-4CA7-83DE-BA86C7DF5F01}.Release|Any CPU.Build.0 = Release|Any CPU
	EndGlobalSection
	GlobalSection(SolutionProperties) = preSolution
		HideSolutionNode = FALSE
	EndGlobalSection
	GlobalSection(ExtensibilityGlobals) = postSolution
		SolutionGuid = {C4AC1DFC-DD6E-4194-953A-0CC4FD6D14EB}
	EndGlobalSection
EndGlobal
