
Microsoft Visual Studio Solution File, Format Version 12.00
# Visual Studio Version 16
VisualStudioVersion = 16.0.31313.79
MinimumVisualStudioVersion = 10.0.40219.1
Project("{FAE04EC0-301F-11D3-BF4B-00C04F79EFBC}") = "ExceptionsExample", "ExceptionsExample\ExceptionsExample.csproj", "{2DC4C92F-2A00-459C-890A-C6D8A44F9E6B}"
EndProject
Global
	GlobalSection(SolutionConfigurationPlatforms) = preSolution
		Debug|Any CPU = Debug|Any CPU
		Release|Any CPU = Release|Any CPU
	EndGlobalSection
	GlobalSection(ProjectConfigurationPlatforms) = postSolution
		{2DC4C92F-2A00-459C-890A-C6D8A44F9E6B}.Debug|Any CPU.ActiveCfg = Debug|Any CPU
		{2DC4C92F-2A00-459C-890A-C6D8A44F9E6B}.Debug|Any CPU.Build.0 = Debug|Any CPU
		{2DC4C92F-2A00-459C-890A-C6D8A44F9E6B}.Release|Any CPU.ActiveCfg = Release|Any CPU
		{2DC4C92F-2A00-459C-890A-C6D8A44F9E6B}.Release|Any CPU.Build.0 = Release|Any CPU
	EndGlobalSection
	GlobalSection(SolutionProperties) = preSolution
		HideSolutionNode = FALSE
	EndGlobalSection
	GlobalSection(ExtensibilityGlobals) = postSolution
		SolutionGuid = {CB0ECABA-7F91-40B7-AB07-5D91E3D34CDE}
	EndGlobalSection
EndGlobal
