
Microsoft Visual Studio Solution File, Format Version 12.00
# Visual Studio Version 16
VisualStudioVersion = 16.0.30204.135
MinimumVisualStudioVersion = 10.0.40219.1
Project("{FAE04EC0-301F-11D3-BF4B-00C04F79EFBC}") = "Adv.Class12.GoodPractices", "Adv.Class12.GoodPractices\Adv.Class12.GoodPractices.csproj", "{D67E1903-A1DD-4D56-A837-266C92D5AA40}"
EndProject
Project("{FAE04EC0-301F-11D3-BF4B-00C04F79EFBC}") = "Adv.Class12.Principles", "Adv.Class12.Principles\Adv.Class12.Principles.csproj", "{9E29C8B1-6B20-43F9-B64B-76B60131365D}"
EndProject
Global
	GlobalSection(SolutionConfigurationPlatforms) = preSolution
		Debug|Any CPU = Debug|Any CPU
		Release|Any CPU = Release|Any CPU
	EndGlobalSection
	GlobalSection(ProjectConfigurationPlatforms) = postSolution
		{D67E1903-A1DD-4D56-A837-266C92D5AA40}.Debug|Any CPU.ActiveCfg = Debug|Any CPU
		{D67E1903-A1DD-4D56-A837-266C92D5AA40}.Debug|Any CPU.Build.0 = Debug|Any CPU
		{D67E1903-A1DD-4D56-A837-266C92D5AA40}.Release|Any CPU.ActiveCfg = Release|Any CPU
		{D67E1903-A1DD-4D56-A837-266C92D5AA40}.Release|Any CPU.Build.0 = Release|Any CPU
		{9E29C8B1-6B20-43F9-B64B-76B60131365D}.Debug|Any CPU.ActiveCfg = Debug|Any CPU
		{9E29C8B1-6B20-43F9-B64B-76B60131365D}.Debug|Any CPU.Build.0 = Debug|Any CPU
		{9E29C8B1-6B20-43F9-B64B-76B60131365D}.Release|Any CPU.ActiveCfg = Release|Any CPU
		{9E29C8B1-6B20-43F9-B64B-76B60131365D}.Release|Any CPU.Build.0 = Release|Any CPU
	EndGlobalSection
	GlobalSection(SolutionProperties) = preSolution
		HideSolutionNode = FALSE
	EndGlobalSection
	GlobalSection(ExtensibilityGlobals) = postSolution
		SolutionGuid = {E0B96A1F-782A-4D81-A9A0-4362588457DD}
	EndGlobalSection
EndGlobal
