
Microsoft Visual Studio Solution File, Format Version 12.00
# Visual Studio Version 16
VisualStudioVersion = 16.0.31205.134
MinimumVisualStudioVersion = 10.0.40219.1
Project("{FAE04EC0-301F-11D3-BF4B-00C04F79EFBC}") = "Exercise", "Exercise\Exercise.csproj", "{127D97CC-5E2E-45E1-82A3-D1F816A96A4F}"
EndProject
Global
	GlobalSection(SolutionConfigurationPlatforms) = preSolution
		Debug|Any CPU = Debug|Any CPU
		Release|Any CPU = Release|Any CPU
	EndGlobalSection
	GlobalSection(ProjectConfigurationPlatforms) = postSolution
		{127D97CC-5E2E-45E1-82A3-D1F816A96A4F}.Debug|Any CPU.ActiveCfg = Debug|Any CPU
		{127D97CC-5E2E-45E1-82A3-D1F816A96A4F}.Debug|Any CPU.Build.0 = Debug|Any CPU
		{127D97CC-5E2E-45E1-82A3-D1F816A96A4F}.Release|Any CPU.ActiveCfg = Release|Any CPU
		{127D97CC-5E2E-45E1-82A3-D1F816A96A4F}.Release|Any CPU.Build.0 = Release|Any CPU
	EndGlobalSection
	GlobalSection(SolutionProperties) = preSolution
		HideSolutionNode = FALSE
	EndGlobalSection
	GlobalSection(ExtensibilityGlobals) = postSolution
		SolutionGuid = {5D47EFE8-8CD1-4A8C-B748-358D517D3620}
	EndGlobalSection
EndGlobal
