
Microsoft Visual Studio Solution File, Format Version 12.00
# Visual Studio Version 16
VisualStudioVersion = 16.0.31005.135
MinimumVisualStudioVersion = 10.0.40219.1
Project("{FAE04EC0-301F-11D3-BF4B-00C04F79EFBC}") = "SEDC.CSharpAdv.Class04.Generics", "SEDC.CSharpAdv.Class04.Generics\SEDC.CSharpAdv.Class04.Generics.csproj", "{A144E12C-AE09-4CB9-A14B-6E555BE84880}"
EndProject
Global
	GlobalSection(SolutionConfigurationPlatforms) = preSolution
		Debug|Any CPU = Debug|Any CPU
		Release|Any CPU = Release|Any CPU
	EndGlobalSection
	GlobalSection(ProjectConfigurationPlatforms) = postSolution
		{A144E12C-AE09-4CB9-A14B-6E555BE84880}.Debug|Any CPU.ActiveCfg = Debug|Any CPU
		{A144E12C-AE09-4CB9-A14B-6E555BE84880}.Debug|Any CPU.Build.0 = Debug|Any CPU
		{A144E12C-AE09-4CB9-A14B-6E555BE84880}.Release|Any CPU.ActiveCfg = Release|Any CPU
		{A144E12C-AE09-4CB9-A14B-6E555BE84880}.Release|Any CPU.Build.0 = Release|Any CPU
	EndGlobalSection
	GlobalSection(SolutionProperties) = preSolution
		HideSolutionNode = FALSE
	EndGlobalSection
	GlobalSection(ExtensibilityGlobals) = postSolution
		SolutionGuid = {A14A468C-E444-4D5D-ADEC-2750AE828F6D}
	EndGlobalSection
EndGlobal
