
Microsoft Visual Studio Solution File, Format Version 12.00
# Visual Studio Version 16
VisualStudioVersion = 16.0.31005.135
MinimumVisualStudioVersion = 10.0.40219.1
Project("{FAE04EC0-301F-11D3-BF4B-00C04F79EFBC}") = "SEDC.CSharpAdv.Class15.SOLID", "SEDC.CSharpAdv.Class15.SOLID\SEDC.CSharpAdv.Class15.SOLID.csproj", "{625A8D52-B278-4F9D-AB79-56DFF8F04F0D}"
EndProject
Project("{FAE04EC0-301F-11D3-BF4B-00C04F79EFBC}") = "SEDC.CSharpAdv.Class15.Tuples", "SEDC.CSharpAdv.Class15.Tuples\SEDC.CSharpAdv.Class15.Tuples.csproj", "{10597343-F88B-42C9-B845-7A2A44BC7278}"
EndProject
Global
	GlobalSection(SolutionConfigurationPlatforms) = preSolution
		Debug|Any CPU = Debug|Any CPU
		Release|Any CPU = Release|Any CPU
	EndGlobalSection
	GlobalSection(ProjectConfigurationPlatforms) = postSolution
		{625A8D52-B278-4F9D-AB79-56DFF8F04F0D}.Debug|Any CPU.ActiveCfg = Debug|Any CPU
		{625A8D52-B278-4F9D-AB79-56DFF8F04F0D}.Debug|Any CPU.Build.0 = Debug|Any CPU
		{625A8D52-B278-4F9D-AB79-56DFF8F04F0D}.Release|Any CPU.ActiveCfg = Release|Any CPU
		{625A8D52-B278-4F9D-AB79-56DFF8F04F0D}.Release|Any CPU.Build.0 = Release|Any CPU
		{10597343-F88B-42C9-B845-7A2A44BC7278}.Debug|Any CPU.ActiveCfg = Debug|Any CPU
		{10597343-F88B-42C9-B845-7A2A44BC7278}.Debug|Any CPU.Build.0 = Debug|Any CPU
		{10597343-F88B-42C9-B845-7A2A44BC7278}.Release|Any CPU.ActiveCfg = Release|Any CPU
		{10597343-F88B-42C9-B845-7A2A44BC7278}.Release|Any CPU.Build.0 = Release|Any CPU
	EndGlobalSection
	GlobalSection(SolutionProperties) = preSolution
		HideSolutionNode = FALSE
	EndGlobalSection
	GlobalSection(ExtensibilityGlobals) = postSolution
		SolutionGuid = {A54FC1CF-8C1A-47A3-9D45-CCD74967B100}
	EndGlobalSection
EndGlobal
