
Microsoft Visual Studio Solution File, Format Version 12.00
# Visual Studio Version 16
VisualStudioVersion = 16.0.31313.79
MinimumVisualStudioVersion = 10.0.40219.1
Project("{FAE04EC0-301F-11D3-BF4B-00C04F79EFBC}") = "Threads", "Threads\Threads.csproj", "{5D26469D-27B6-4DE5-92B1-E8F41AFE55B3}"
EndProject
Global
	GlobalSection(SolutionConfigurationPlatforms) = preSolution
		Debug|Any CPU = Debug|Any CPU
		Release|Any CPU = Release|Any CPU
	EndGlobalSection
	GlobalSection(ProjectConfigurationPlatforms) = postSolution
		{5D26469D-27B6-4DE5-92B1-E8F41AFE55B3}.Debug|Any CPU.ActiveCfg = Debug|Any CPU
		{5D26469D-27B6-4DE5-92B1-E8F41AFE55B3}.Debug|Any CPU.Build.0 = Debug|Any CPU
		{5D26469D-27B6-4DE5-92B1-E8F41AFE55B3}.Release|Any CPU.ActiveCfg = Release|Any CPU
		{5D26469D-27B6-4DE5-92B1-E8F41AFE55B3}.Release|Any CPU.Build.0 = Release|Any CPU
	EndGlobalSection
	GlobalSection(SolutionProperties) = preSolution
		HideSolutionNode = FALSE
	EndGlobalSection
	GlobalSection(ExtensibilityGlobals) = postSolution
		SolutionGuid = {AFEF9642-35F0-4385-B799-16E4C9E0F6F8}
	EndGlobalSection
EndGlobal
