
Microsoft Visual Studio Solution File, Format Version 12.00
# Visual Studio Version 16
VisualStudioVersion = 16.0.31205.134
MinimumVisualStudioVersion = 10.0.40219.1
Project("{FAE04EC0-301F-11D3-BF4B-00C04F79EFBC}") = "Static", "Static\Static.csproj", "{A8B472C6-E995-48DA-9F85-650CBBD8D97A}"
EndProject
Global
	GlobalSection(SolutionConfigurationPlatforms) = preSolution
		Debug|Any CPU = Debug|Any CPU
		Release|Any CPU = Release|Any CPU
	EndGlobalSection
	GlobalSection(ProjectConfigurationPlatforms) = postSolution
		{A8B472C6-E995-48DA-9F85-650CBBD8D97A}.Debug|Any CPU.ActiveCfg = Debug|Any CPU
		{A8B472C6-E995-48DA-9F85-650CBBD8D97A}.Debug|Any CPU.Build.0 = Debug|Any CPU
		{A8B472C6-E995-48DA-9F85-650CBBD8D97A}.Release|Any CPU.ActiveCfg = Release|Any CPU
		{A8B472C6-E995-48DA-9F85-650CBBD8D97A}.Release|Any CPU.Build.0 = Release|Any CPU
	EndGlobalSection
	GlobalSection(SolutionProperties) = preSolution
		HideSolutionNode = FALSE
	EndGlobalSection
	GlobalSection(ExtensibilityGlobals) = postSolution
		SolutionGuid = {559B5FF9-5BCB-463C-A4B5-C7C8D7D82AA6}
	EndGlobalSection
EndGlobal
