
Microsoft Visual Studio Solution File, Format Version 12.00
# Visual Studio Version 16
VisualStudioVersion = 16.0.31205.134
MinimumVisualStudioVersion = 10.0.40219.1
Project("{9A19103F-16F7-4668-BE54-9A1E7A4F7556}") = "FileSystem", "FileSystem\FileSystem.csproj", "{67B459B5-890F-443C-97F1-2F07181AA152}"
EndProject
Project("{FAE04EC0-301F-11D3-BF4B-00C04F79EFBC}") = "FileStreams", "FileStreams\FileStreams.csproj", "{A5C75DE3-EAFB-4AA5-846C-52EC18124767}"
EndProject
Global
	GlobalSection(SolutionConfigurationPlatforms) = preSolution
		Debug|Any CPU = Debug|Any CPU
		Release|Any CPU = Release|Any CPU
	EndGlobalSection
	GlobalSection(ProjectConfigurationPlatforms) = postSolution
		{67B459B5-890F-443C-97F1-2F07181AA152}.Debug|Any CPU.ActiveCfg = Debug|Any CPU
		{67B459B5-890F-443C-97F1-2F07181AA152}.Debug|Any CPU.Build.0 = Debug|Any CPU
		{67B459B5-890F-443C-97F1-2F07181AA152}.Release|Any CPU.ActiveCfg = Release|Any CPU
		{67B459B5-890F-443C-97F1-2F07181AA152}.Release|Any CPU.Build.0 = Release|Any CPU
		{A5C75DE3-EAFB-4AA5-846C-52EC18124767}.Debug|Any CPU.ActiveCfg = Debug|Any CPU
		{A5C75DE3-EAFB-4AA5-846C-52EC18124767}.Debug|Any CPU.Build.0 = Debug|Any CPU
		{A5C75DE3-EAFB-4AA5-846C-52EC18124767}.Release|Any CPU.ActiveCfg = Release|Any CPU
		{A5C75DE3-EAFB-4AA5-846C-52EC18124767}.Release|Any CPU.Build.0 = Release|Any CPU
	EndGlobalSection
	GlobalSection(SolutionProperties) = preSolution
		HideSolutionNode = FALSE
	EndGlobalSection
	GlobalSection(ExtensibilityGlobals) = postSolution
		SolutionGuid = {0763F839-A46C-4B91-A7D5-FCE7E663E985}
	EndGlobalSection
EndGlobal
