
Microsoft Visual Studio Solution File, Format Version 12.00
# Visual Studio Version 16
VisualStudioVersion = 16.0.31205.134
MinimumVisualStudioVersion = 10.0.40219.1
Project("{FAE04EC0-301F-11D3-BF4B-00C04F79EFBC}") = "AnonymousMethods", "AnonymousMethods\AnonymousMethods.csproj", "{CF048843-C920-4FFC-9695-275617D8CFFB}"
EndProject
Global
	GlobalSection(SolutionConfigurationPlatforms) = preSolution
		Debug|Any CPU = Debug|Any CPU
		Release|Any CPU = Release|Any CPU
	EndGlobalSection
	GlobalSection(ProjectConfigurationPlatforms) = postSolution
		{CF048843-C920-4FFC-9695-275617D8CFFB}.Debug|Any CPU.ActiveCfg = Debug|Any CPU
		{CF048843-C920-4FFC-9695-275617D8CFFB}.Debug|Any CPU.Build.0 = Debug|Any CPU
		{CF048843-C920-4FFC-9695-275617D8CFFB}.Release|Any CPU.ActiveCfg = Release|Any CPU
		{CF048843-C920-4FFC-9695-275617D8CFFB}.Release|Any CPU.Build.0 = Release|Any CPU
	EndGlobalSection
	GlobalSection(SolutionProperties) = preSolution
		HideSolutionNode = FALSE
	EndGlobalSection
	GlobalSection(ExtensibilityGlobals) = postSolution
		SolutionGuid = {A9659E31-62A5-4F7B-8A3E-C86B1B7A0236}
	EndGlobalSection
EndGlobal
