
Microsoft Visual Studio Solution File, Format Version 12.00
# Visual Studio Version 16
VisualStudioVersion = 16.0.31205.134
MinimumVisualStudioVersion = 10.0.40219.1
Project("{FAE04EC0-301F-11D3-BF4B-00C04F79EFBC}") = "Task01", "Task01\Task01.csproj", "{19912973-F059-4301-9B1C-2429F57E3CEC}"
EndProject
Project("{FAE04EC0-301F-11D3-BF4B-00C04F79EFBC}") = "Task02", "Task02\Task02.csproj", "{919351B7-1C34-441B-89F5-74BF74A1A689}"
EndProject
Global
	GlobalSection(SolutionConfigurationPlatforms) = preSolution
		Debug|Any CPU = Debug|Any CPU
		Release|Any CPU = Release|Any CPU
	EndGlobalSection
	GlobalSection(ProjectConfigurationPlatforms) = postSolution
		{19912973-F059-4301-9B1C-2429F57E3CEC}.Debug|Any CPU.ActiveCfg = Debug|Any CPU
		{19912973-F059-4301-9B1C-2429F57E3CEC}.Debug|Any CPU.Build.0 = Debug|Any CPU
		{19912973-F059-4301-9B1C-2429F57E3CEC}.Release|Any CPU.ActiveCfg = Release|Any CPU
		{19912973-F059-4301-9B1C-2429F57E3CEC}.Release|Any CPU.Build.0 = Release|Any CPU
		{919351B7-1C34-441B-89F5-74BF74A1A689}.Debug|Any CPU.ActiveCfg = Debug|Any CPU
		{919351B7-1C34-441B-89F5-74BF74A1A689}.Debug|Any CPU.Build.0 = Debug|Any CPU
		{919351B7-1C34-441B-89F5-74BF74A1A689}.Release|Any CPU.ActiveCfg = Release|Any CPU
		{919351B7-1C34-441B-89F5-74BF74A1A689}.Release|Any CPU.Build.0 = Release|Any CPU
	EndGlobalSection
	GlobalSection(SolutionProperties) = preSolution
		HideSolutionNode = FALSE
	EndGlobalSection
	GlobalSection(ExtensibilityGlobals) = postSolution
		SolutionGuid = {EB5BDA84-CBD4-46F9-A9CF-6D33B366A79F}
	EndGlobalSection
EndGlobal
