
Microsoft Visual Studio Solution File, Format Version 12.00
# Visual Studio Version 16
VisualStudioVersion = 16.0.30711.63
MinimumVisualStudioVersion = 10.0.40219.1
Project("{FAE04EC0-301F-11D3-BF4B-00C04F79EFBC}") = "SEDC.Delegates", "SEDC.Delegates\SEDC.Delegates.csproj", "{DE42FAB9-EB9C-4CA5-B7CD-CC02AAA88AFF}"
EndProject
Project("{FAE04EC0-301F-11D3-BF4B-00C04F79EFBC}") = "SEDC.SubscriptionModel", "SEDC.SubscriptionModel\SEDC.SubscriptionModel.csproj", "{B24B43A5-AFE3-491F-9147-BEB7EB3B1E7D}"
EndProject
Project("{FAE04EC0-301F-11D3-BF4B-00C04F79EFBC}") = "SEDC.WinFormEvents", "SEDC.WinFormEvents\SEDC.WinFormEvents.csproj", "{DE315C71-F230-4BC6-96E4-85413195FE79}"
EndProject
Global
	GlobalSection(SolutionConfigurationPlatforms) = preSolution
		Debug|Any CPU = Debug|Any CPU
		Release|Any CPU = Release|Any CPU
	EndGlobalSection
	GlobalSection(ProjectConfigurationPlatforms) = postSolution
		{DE42FAB9-EB9C-4CA5-B7CD-CC02AAA88AFF}.Debug|Any CPU.ActiveCfg = Debug|Any CPU
		{DE42FAB9-EB9C-4CA5-B7CD-CC02AAA88AFF}.Debug|Any CPU.Build.0 = Debug|Any CPU
		{DE42FAB9-EB9C-4CA5-B7CD-CC02AAA88AFF}.Release|Any CPU.ActiveCfg = Release|Any CPU
		{DE42FAB9-EB9C-4CA5-B7CD-CC02AAA88AFF}.Release|Any CPU.Build.0 = Release|Any CPU
		{B24B43A5-AFE3-491F-9147-BEB7EB3B1E7D}.Debug|Any CPU.ActiveCfg = Debug|Any CPU
		{B24B43A5-AFE3-491F-9147-BEB7EB3B1E7D}.Debug|Any CPU.Build.0 = Debug|Any CPU
		{B24B43A5-AFE3-491F-9147-BEB7EB3B1E7D}.Release|Any CPU.ActiveCfg = Release|Any CPU
		{B24B43A5-AFE3-491F-9147-BEB7EB3B1E7D}.Release|Any CPU.Build.0 = Release|Any CPU
		{DE315C71-F230-4BC6-96E4-85413195FE79}.Debug|Any CPU.ActiveCfg = Debug|Any CPU
		{DE315C71-F230-4BC6-96E4-85413195FE79}.Debug|Any CPU.Build.0 = Debug|Any CPU
		{DE315C71-F230-4BC6-96E4-85413195FE79}.Release|Any CPU.ActiveCfg = Release|Any CPU
		{DE315C71-F230-4BC6-96E4-85413195FE79}.Release|Any CPU.Build.0 = Release|Any CPU
	EndGlobalSection
	GlobalSection(SolutionProperties) = preSolution
		HideSolutionNode = FALSE
	EndGlobalSection
	GlobalSection(ExtensibilityGlobals) = postSolution
		SolutionGuid = {55A06432-2C40-4E15-A825-EFC740CF2002}
	EndGlobalSection
EndGlobal
