
Microsoft Visual Studio Solution File, Format Version 12.00
# Visual Studio Version 16
VisualStudioVersion = 16.0.31005.135
MinimumVisualStudioVersion = 10.0.40219.1
Project("{FAE04EC0-301F-11D3-BF4B-00C04F79EFBC}") = "Demo", "Demo\Demo.csproj", "{A6F635D8-B281-4046-A13F-03590573694B}"
EndProject
Project("{FAE04EC0-301F-11D3-BF4B-00C04F79EFBC}") = "Models", "Models\Models.csproj", "{2A9FF5E5-9707-4FFD-9738-90B44C9E5623}"
EndProject
Global
	GlobalSection(SolutionConfigurationPlatforms) = preSolution
		Debug|Any CPU = Debug|Any CPU
		Release|Any CPU = Release|Any CPU
	EndGlobalSection
	GlobalSection(ProjectConfigurationPlatforms) = postSolution
		{A6F635D8-B281-4046-A13F-03590573694B}.Debug|Any CPU.ActiveCfg = Debug|Any CPU
		{A6F635D8-B281-4046-A13F-03590573694B}.Debug|Any CPU.Build.0 = Debug|Any CPU
		{A6F635D8-B281-4046-A13F-03590573694B}.Release|Any CPU.ActiveCfg = Release|Any CPU
		{A6F635D8-B281-4046-A13F-03590573694B}.Release|Any CPU.Build.0 = Release|Any CPU
		{2A9FF5E5-9707-4FFD-9738-90B44C9E5623}.Debug|Any CPU.ActiveCfg = Debug|Any CPU
		{2A9FF5E5-9707-4FFD-9738-90B44C9E5623}.Debug|Any CPU.Build.0 = Debug|Any CPU
		{2A9FF5E5-9707-4FFD-9738-90B44C9E5623}.Release|Any CPU.ActiveCfg = Release|Any CPU
		{2A9FF5E5-9707-4FFD-9738-90B44C9E5623}.Release|Any CPU.Build.0 = Release|Any CPU
	EndGlobalSection
	GlobalSection(SolutionProperties) = preSolution
		HideSolutionNode = FALSE
	EndGlobalSection
	GlobalSection(ExtensibilityGlobals) = postSolution
		SolutionGuid = {52F8B82B-2BF3-4677-8872-2C569EE1D47F}
	EndGlobalSection
EndGlobal
